
Microsoft Visual Studio Solution File, Format Version 12.00
# Visual Studio Version 17
VisualStudioVersion = 17.5.33502.453
MinimumVisualStudioVersion = 10.0.40219.1
Project("{FAE04EC0-301F-11D3-BF4B-00C04F79EFBC}") = "BinSouboryUkol1", "BinSouboryUkol1\BinSouboryUkol1.csproj", "{4E33BD0F-BC18-4343-AECA-11AED6E2494A}"
EndProject
Global
	GlobalSection(SolutionConfigurationPlatforms) = preSolution
		Debug|Any CPU = Debug|Any CPU
		Release|Any CPU = Release|Any CPU
	EndGlobalSection
	GlobalSection(ProjectConfigurationPlatforms) = postSolution
		{4E33BD0F-BC18-4343-AECA-11AED6E2494A}.Debug|Any CPU.ActiveCfg = Debug|Any CPU
		{4E33BD0F-BC18-4343-AECA-11AED6E2494A}.Debug|Any CPU.Build.0 = Debug|Any CPU
		{4E33BD0F-BC18-4343-AECA-11AED6E2494A}.Release|Any CPU.ActiveCfg = Release|Any CPU
		{4E33BD0F-BC18-4343-AECA-11AED6E2494A}.Release|Any CPU.Build.0 = Release|Any CPU
	EndGlobalSection
	GlobalSection(SolutionProperties) = preSolution
		HideSolutionNode = FALSE
	EndGlobalSection
	GlobalSection(ExtensibilityGlobals) = postSolution
		SolutionGuid = {9C414E10-D6AC-4802-BEDC-8237937A283E}
	EndGlobalSection
EndGlobal
